
Microsoft Visual Studio Solution File, Format Version 12.00
Project("{FAE04EC0-301F-11D3-BF4B-00C04F79EFBC}") = "Users.Api", "Users.Api\Users.Api.csproj", "{1B9D39B5-F6B3-41F1-BF51-2143965E6ACA}"
EndProject
Project("{FAE04EC0-301F-11D3-BF4B-00C04F79EFBC}") = "Users.Domain", "Users.Domain\Users.Domain.csproj", "{1950FCFB-0E53-479A-AB2B-3D1DF11984BB}"
EndProject
Project("{FAE04EC0-301F-11D3-BF4B-00C04F79EFBC}") = "Users.Infrastructure", "Users.Infrastructure\Users.Infrastructure.csproj", "{E14E2F7F-78FE-402C-9D66-1289BE35674A}"
EndProject
Project("{FAE04EC0-301F-11D3-BF4B-00C04F79EFBC}") = "Users.Service", "Users.Service\Users.Service.csproj", "{99226C43-53B3-4D73-8FC1-40575011864C}"
EndProject
Global
	GlobalSection(SolutionConfigurationPlatforms) = preSolution
		Debug|Any CPU = Debug|Any CPU
		Release|Any CPU = Release|Any CPU
	EndGlobalSection
	GlobalSection(ProjectConfigurationPlatforms) = postSolution
		{1B9D39B5-F6B3-41F1-BF51-2143965E6ACA}.Debug|Any CPU.ActiveCfg = Debug|Any CPU
		{1B9D39B5-F6B3-41F1-BF51-2143965E6ACA}.Debug|Any CPU.Build.0 = Debug|Any CPU
		{1B9D39B5-F6B3-41F1-BF51-2143965E6ACA}.Release|Any CPU.ActiveCfg = Release|Any CPU
		{1B9D39B5-F6B3-41F1-BF51-2143965E6ACA}.Release|Any CPU.Build.0 = Release|Any CPU
		{1950FCFB-0E53-479A-AB2B-3D1DF11984BB}.Debug|Any CPU.ActiveCfg = Debug|Any CPU
		{1950FCFB-0E53-479A-AB2B-3D1DF11984BB}.Debug|Any CPU.Build.0 = Debug|Any CPU
		{1950FCFB-0E53-479A-AB2B-3D1DF11984BB}.Release|Any CPU.ActiveCfg = Release|Any CPU
		{1950FCFB-0E53-479A-AB2B-3D1DF11984BB}.Release|Any CPU.Build.0 = Release|Any CPU
		{E14E2F7F-78FE-402C-9D66-1289BE35674A}.Debug|Any CPU.ActiveCfg = Debug|Any CPU
		{E14E2F7F-78FE-402C-9D66-1289BE35674A}.Debug|Any CPU.Build.0 = Debug|Any CPU
		{E14E2F7F-78FE-402C-9D66-1289BE35674A}.Release|Any CPU.ActiveCfg = Release|Any CPU
		{E14E2F7F-78FE-402C-9D66-1289BE35674A}.Release|Any CPU.Build.0 = Release|Any CPU
		{99226C43-53B3-4D73-8FC1-40575011864C}.Debug|Any CPU.ActiveCfg = Debug|Any CPU
		{99226C43-53B3-4D73-8FC1-40575011864C}.Debug|Any CPU.Build.0 = Debug|Any CPU
		{99226C43-53B3-4D73-8FC1-40575011864C}.Release|Any CPU.ActiveCfg = Release|Any CPU
		{99226C43-53B3-4D73-8FC1-40575011864C}.Release|Any CPU.Build.0 = Release|Any CPU
	EndGlobalSection
EndGlobal
