
Microsoft Visual Studio Solution File, Format Version 12.00
Project("{FAE04EC0-301F-11D3-BF4B-00C04F79EFBC}") = "Authentication.Api", "Authentication.Api\Authentication.Api.csproj", "{63CFD92A-6D70-4781-A4A5-0ECEA5EC4FF3}"
EndProject
Global
	GlobalSection(SolutionConfigurationPlatforms) = preSolution
		Debug|Any CPU = Debug|Any CPU
		Release|Any CPU = Release|Any CPU
	EndGlobalSection
	GlobalSection(ProjectConfigurationPlatforms) = postSolution
		{63CFD92A-6D70-4781-A4A5-0ECEA5EC4FF3}.Debug|Any CPU.ActiveCfg = Debug|Any CPU
		{63CFD92A-6D70-4781-A4A5-0ECEA5EC4FF3}.Debug|Any CPU.Build.0 = Debug|Any CPU
		{63CFD92A-6D70-4781-A4A5-0ECEA5EC4FF3}.Release|Any CPU.ActiveCfg = Release|Any CPU
		{63CFD92A-6D70-4781-A4A5-0ECEA5EC4FF3}.Release|Any CPU.Build.0 = Release|Any CPU
	EndGlobalSection
EndGlobal
