
Microsoft Visual Studio Solution File, Format Version 12.00
Project("{FAE04EC0-301F-11D3-BF4B-00C04F79EFBC}") = "Authentication.Api", "Authentication.Api\Authentication.Api.csproj", "{254CCBD7-7266-4B41-A4FD-DDF2730378AB}"
EndProject
Project("{FAE04EC0-301F-11D3-BF4B-00C04F79EFBC}") = "Authentication.Domain", "Authentication.Domain\Authentication.Domain.csproj", "{60DA4B17-A670-4617-B626-BA81AB670921}"
EndProject
Project("{FAE04EC0-301F-11D3-BF4B-00C04F79EFBC}") = "Authentication.Infrastructure", "Authentication.Infrastructure\Authentication.Infrastructure.csproj", "{172A8150-D1DE-430E-B3A4-CB2F45C37AB7}"
EndProject
Project("{FAE04EC0-301F-11D3-BF4B-00C04F79EFBC}") = "Authentication.Service", "Authentication.Service\Authentication.Service.csproj", "{50634697-ABF7-4C62-8CFD-DF1C80665FDA}"
EndProject
Global
	GlobalSection(SolutionConfigurationPlatforms) = preSolution
		Debug|Any CPU = Debug|Any CPU
		Release|Any CPU = Release|Any CPU
	EndGlobalSection
	GlobalSection(ProjectConfigurationPlatforms) = postSolution
		{254CCBD7-7266-4B41-A4FD-DDF2730378AB}.Debug|Any CPU.ActiveCfg = Debug|Any CPU
		{254CCBD7-7266-4B41-A4FD-DDF2730378AB}.Debug|Any CPU.Build.0 = Debug|Any CPU
		{254CCBD7-7266-4B41-A4FD-DDF2730378AB}.Release|Any CPU.ActiveCfg = Release|Any CPU
		{254CCBD7-7266-4B41-A4FD-DDF2730378AB}.Release|Any CPU.Build.0 = Release|Any CPU
		{60DA4B17-A670-4617-B626-BA81AB670921}.Debug|Any CPU.ActiveCfg = Debug|Any CPU
		{60DA4B17-A670-4617-B626-BA81AB670921}.Debug|Any CPU.Build.0 = Debug|Any CPU
		{60DA4B17-A670-4617-B626-BA81AB670921}.Release|Any CPU.ActiveCfg = Release|Any CPU
		{60DA4B17-A670-4617-B626-BA81AB670921}.Release|Any CPU.Build.0 = Release|Any CPU
		{172A8150-D1DE-430E-B3A4-CB2F45C37AB7}.Debug|Any CPU.ActiveCfg = Debug|Any CPU
		{172A8150-D1DE-430E-B3A4-CB2F45C37AB7}.Debug|Any CPU.Build.0 = Debug|Any CPU
		{172A8150-D1DE-430E-B3A4-CB2F45C37AB7}.Release|Any CPU.ActiveCfg = Release|Any CPU
		{172A8150-D1DE-430E-B3A4-CB2F45C37AB7}.Release|Any CPU.Build.0 = Release|Any CPU
		{50634697-ABF7-4C62-8CFD-DF1C80665FDA}.Debug|Any CPU.ActiveCfg = Debug|Any CPU
		{50634697-ABF7-4C62-8CFD-DF1C80665FDA}.Debug|Any CPU.Build.0 = Debug|Any CPU
		{50634697-ABF7-4C62-8CFD-DF1C80665FDA}.Release|Any CPU.ActiveCfg = Release|Any CPU
		{50634697-ABF7-4C62-8CFD-DF1C80665FDA}.Release|Any CPU.Build.0 = Release|Any CPU
	EndGlobalSection
EndGlobal
